
Microsoft Visual Studio Solution File, Format Version 12.00
# Visual Studio Version 16
VisualStudioVersion = 16.0.31911.196
MinimumVisualStudioVersion = 10.0.40219.1
Project("{FAE04EC0-301F-11D3-BF4B-00C04F79EFBC}") = "Laba1", "Laba1\Laba1.csproj", "{98E4610A-C246-457C-BC2A-C7246E776362}"
EndProject
Global
	GlobalSection(SolutionConfigurationPlatforms) = preSolution
		Debug|Any CPU = Debug|Any CPU
		Release|Any CPU = Release|Any CPU
	EndGlobalSection
	GlobalSection(ProjectConfigurationPlatforms) = postSolution
		{98E4610A-C246-457C-BC2A-C7246E776362}.Debug|Any CPU.ActiveCfg = Debug|Any CPU
		{98E4610A-C246-457C-BC2A-C7246E776362}.Debug|Any CPU.Build.0 = Debug|Any CPU
		{98E4610A-C246-457C-BC2A-C7246E776362}.Release|Any CPU.ActiveCfg = Release|Any CPU
		{98E4610A-C246-457C-BC2A-C7246E776362}.Release|Any CPU.Build.0 = Release|Any CPU
	EndGlobalSection
	GlobalSection(SolutionProperties) = preSolution
		HideSolutionNode = FALSE
	EndGlobalSection
	GlobalSection(ExtensibilityGlobals) = postSolution
		SolutionGuid = {265C2E2C-BA44-4E6A-BF0A-F1FC70AF7663}
	EndGlobalSection
EndGlobal
